github.com/google/go-cmp v0.5.0/go.mod h1:v8dTdLbMG2kIc/vJvl+f65V22dbkXbowE6jgT/gNBxE=
github.com/hetznercloud/hcloud-go v1.22.0 h1:CC0jwkaBzwP4ObFE0sdJBTvGh5DE9kB/tuDETnRfOik=
github.com/hetznercloud/hcloud-go v1.22.0/go.mod h1:xng8lbDUg+xM1dgc0yGHX5EeqbwIq7UYlMWMTx3SQVg=
golang.org/x/xerrors v0.0.0-20191204190536-9bdfabe68543/go.mod h1:I/5z698sn9Ka8TeJc9MKroUUfqBBauWjQqLJ2OPfmY0=
